
Microsoft Visual Studio Solution File, Format Version 12.00
# Visual Studio Version 16
VisualStudioVersion = 16.0.29215.179
MinimumVisualStudioVersion = 10.0.40219.1
Project("{FAE04EC0-301F-11D3-BF4B-00C04F79EFBC}") = "Ambient.Context", "Ambient.Context\Ambient.Context.csproj", "{2E009D6E-68CE-48BB-892F-77E3B1020CFF}"
EndProject
Project("{FAE04EC0-301F-11D3-BF4B-00C04F79EFBC}") = "Ambient.AspNetCore", "Ambient.AspNetCore\Ambient.AspNetCore.csproj", "{88FA480B-1FB1-4F6D-9E5B-088655618501}"
EndProject
Project("{FAE04EC0-301F-11D3-BF4B-00C04F79EFBC}") = "Demo", "Demo\Demo.csproj", "{FF7E9133-F09C-4BA1-8288-8EBEFE4ACDA9}"
EndProject
Global
	GlobalSection(SolutionConfigurationPlatforms) = preSolution
		Debug|Any CPU = Debug|Any CPU
		Release|Any CPU = Release|Any CPU
	EndGlobalSection
	GlobalSection(ProjectConfigurationPlatforms) = postSolution
		{2E009D6E-68CE-48BB-892F-77E3B1020CFF}.Debug|Any CPU.ActiveCfg = Debug|Any CPU
		{2E009D6E-68CE-48BB-892F-77E3B1020CFF}.Debug|Any CPU.Build.0 = Debug|Any CPU
		{2E009D6E-68CE-48BB-892F-77E3B1020CFF}.Release|Any CPU.ActiveCfg = Release|Any CPU
		{2E009D6E-68CE-48BB-892F-77E3B1020CFF}.Release|Any CPU.Build.0 = Release|Any CPU
		{88FA480B-1FB1-4F6D-9E5B-088655618501}.Debug|Any CPU.ActiveCfg = Debug|Any CPU
		{88FA480B-1FB1-4F6D-9E5B-088655618501}.Debug|Any CPU.Build.0 = Debug|Any CPU
		{88FA480B-1FB1-4F6D-9E5B-088655618501}.Release|Any CPU.ActiveCfg = Release|Any CPU
		{88FA480B-1FB1-4F6D-9E5B-088655618501}.Release|Any CPU.Build.0 = Release|Any CPU
		{FF7E9133-F09C-4BA1-8288-8EBEFE4ACDA9}.Debug|Any CPU.ActiveCfg = Debug|Any CPU
		{FF7E9133-F09C-4BA1-8288-8EBEFE4ACDA9}.Debug|Any CPU.Build.0 = Debug|Any CPU
		{FF7E9133-F09C-4BA1-8288-8EBEFE4ACDA9}.Release|Any CPU.ActiveCfg = Release|Any CPU
		{FF7E9133-F09C-4BA1-8288-8EBEFE4ACDA9}.Release|Any CPU.Build.0 = Release|Any CPU
	EndGlobalSection
	GlobalSection(SolutionProperties) = preSolution
		HideSolutionNode = FALSE
	EndGlobalSection
	GlobalSection(ExtensibilityGlobals) = postSolution
		SolutionGuid = {8CEF19AA-9AEB-4595-9B52-9BFDF72E129A}
	EndGlobalSection
EndGlobal
